
Microsoft Visual Studio Solution File, Format Version 12.00
# Visual Studio Version 17
VisualStudioVersion = 17.14.36623.8
MinimumVisualStudioVersion = 10.0.40219.1
Project("{2150E333-8FDC-42A3-9474-1A3956D46DE8}") = "ContaCorrente", "ContaCorrente", "{B833D486-E45D-2F1E-314D-2A12269B545B}"
EndProject
Project("{FAE04EC0-301F-11D3-BF4B-00C04F79EFBC}") = "ContaCorrente.Api", "ContaCorrente\ContaCorrente.Api\ContaCorrente.Api.csproj", "{84E8160F-8253-4E77-A323-B3A2F8DAFE4D}"
EndProject
Project("{FAE04EC0-301F-11D3-BF4B-00C04F79EFBC}") = "ContaCorrente.Application", "ContaCorrente\ContaCorrente.Application\ContaCorrente.Application.csproj", "{E278485B-E4AE-4906-A4FE-414C436E18B5}"
EndProject
Project("{FAE04EC0-301F-11D3-BF4B-00C04F79EFBC}") = "ContaCorrente.Domain", "ContaCorrente\ContaCorrente.Domain\ContaCorrente.Domain.csproj", "{AD3926B8-67EB-4959-9D55-D5887217809D}"
EndProject
Project("{FAE04EC0-301F-11D3-BF4B-00C04F79EFBC}") = "ContaCorrente.Infrastructure", "ContaCorrente\ContaCorrente.Infrastructure\ContaCorrente.Infrastructure.csproj", "{6FD02C5C-8038-4339-8C1C-C3A1173C2097}"
EndProject
Project("{2150E333-8FDC-42A3-9474-1A3956D46DE8}") = "Transferencia", "Transferencia", "{5112BE3D-785A-3632-4EEB-907C138EC337}"
EndProject
Project("{FAE04EC0-301F-11D3-BF4B-00C04F79EFBC}") = "Transferencia.Api", "Transferencia\Transferencia.Api\Transferencia.Api.csproj", "{987D05EF-1062-4AFD-9A72-B5423F06AA81}"
EndProject
Project("{FAE04EC0-301F-11D3-BF4B-00C04F79EFBC}") = "Transferencia.Application", "Transferencia\Transferencia.Application\Transferencia.Application.csproj", "{D07E9509-38B2-466B-B21B-92EF3716EED4}"
EndProject
Project("{FAE04EC0-301F-11D3-BF4B-00C04F79EFBC}") = "Transferencia.Domain", "Transferencia\Transferencia.Domain\Transferencia.Domain.csproj", "{F5B98ADB-5C16-4E7A-A652-8C19181741F7}"
EndProject
Project("{FAE04EC0-301F-11D3-BF4B-00C04F79EFBC}") = "Transferencia.Infrastructure", "Transferencia\Transferencia.Infrastructure\Transferencia.Infrastructure.csproj", "{47E9865D-C04D-479F-BFD4-CC1D69CED04D}"
EndProject
Project("{FAE04EC0-301F-11D3-BF4B-00C04F79EFBC}") = "Core", "Core\Core.csproj", "{5C6F293D-46BC-40F0-A47F-B98D0FF847B4}"
EndProject
Project("{FAE04EC0-301F-11D3-BF4B-00C04F79EFBC}") = "Core.Infrastructure", "Core.Infrastructure\Core.Infrastructure.csproj", "{8B4D6087-4CC4-4D71-9FC0-F4B5DFD91630}"
EndProject
Project("{2150E333-8FDC-42A3-9474-1A3956D46DE8}") = "Tarifa", "Tarifa", "{3DC0B93F-CA87-EFB0-FCC6-13C64B124E99}"
EndProject
Project("{FAE04EC0-301F-11D3-BF4B-00C04F79EFBC}") = "Tarifa.Api", "Tarifa\Tarifa.Api\Tarifa.Api.csproj", "{6EF4C520-8BF2-4472-A9DF-022DD9159F68}"
EndProject
Project("{FAE04EC0-301F-11D3-BF4B-00C04F79EFBC}") = "Tarifa.Application", "Tarifa\Tarifa.Application\Tarifa.Application.csproj", "{9D342783-8622-4B93-B622-B3D29C64BD8F}"
EndProject
Project("{FAE04EC0-301F-11D3-BF4B-00C04F79EFBC}") = "Tarifa.Domain", "Tarifa\Tarifa.Domain\Tarifa.Domain.csproj", "{FEC5DB36-4189-4F90-82AE-40309CB0CD24}"
EndProject
Project("{FAE04EC0-301F-11D3-BF4B-00C04F79EFBC}") = "Tarifa.Infrastructure", "Tarifa\Tarifa.Infrastructure\Tarifa.Infrastructure.csproj", "{68472E81-F572-4F4E-8A56-501469E1ED91}"
EndProject
Project("{2150E333-8FDC-42A3-9474-1A3956D46DE8}") = ".deploy", ".deploy", "{380A7511-A354-6D7A-0CC0-8FA1F1BA7B6C}"
	ProjectSection(SolutionItems) = preProject
		.dockerignore = .dockerignore
		app-down.csx = app-down.csx
		app-up.csx = app-up.csx
		contacorrente.yml = contacorrente.yml
		kafka.yml = kafka.yml
		README.md = README.md
		tarifa.yml = tarifa.yml
		transferencia.yml = transferencia.yml
	EndProjectSection
EndProject
Global
	GlobalSection(SolutionConfigurationPlatforms) = preSolution
		Debug|Any CPU = Debug|Any CPU
		Debug|x64 = Debug|x64
		Debug|x86 = Debug|x86
		Release|Any CPU = Release|Any CPU
		Release|x64 = Release|x64
		Release|x86 = Release|x86
	EndGlobalSection
	GlobalSection(ProjectConfigurationPlatforms) = postSolution
		{84E8160F-8253-4E77-A323-B3A2F8DAFE4D}.Debug|Any CPU.ActiveCfg = Debug|Any CPU
		{84E8160F-8253-4E77-A323-B3A2F8DAFE4D}.Debug|Any CPU.Build.0 = Debug|Any CPU
		{84E8160F-8253-4E77-A323-B3A2F8DAFE4D}.Debug|x64.ActiveCfg = Debug|Any CPU
		{84E8160F-8253-4E77-A323-B3A2F8DAFE4D}.Debug|x64.Build.0 = Debug|Any CPU
		{84E8160F-8253-4E77-A323-B3A2F8DAFE4D}.Debug|x86.ActiveCfg = Debug|Any CPU
		{84E8160F-8253-4E77-A323-B3A2F8DAFE4D}.Debug|x86.Build.0 = Debug|Any CPU
		{84E8160F-8253-4E77-A323-B3A2F8DAFE4D}.Release|Any CPU.ActiveCfg = Release|Any CPU
		{84E8160F-8253-4E77-A323-B3A2F8DAFE4D}.Release|Any CPU.Build.0 = Release|Any CPU
		{84E8160F-8253-4E77-A323-B3A2F8DAFE4D}.Release|x64.ActiveCfg = Release|Any CPU
		{84E8160F-8253-4E77-A323-B3A2F8DAFE4D}.Release|x64.Build.0 = Release|Any CPU
		{84E8160F-8253-4E77-A323-B3A2F8DAFE4D}.Release|x86.ActiveCfg = Release|Any CPU
		{84E8160F-8253-4E77-A323-B3A2F8DAFE4D}.Release|x86.Build.0 = Release|Any CPU
		{E278485B-E4AE-4906-A4FE-414C436E18B5}.Debug|Any CPU.ActiveCfg = Debug|Any CPU
		{E278485B-E4AE-4906-A4FE-414C436E18B5}.Debug|Any CPU.Build.0 = Debug|Any CPU
		{E278485B-E4AE-4906-A4FE-414C436E18B5}.Debug|x64.ActiveCfg = Debug|Any CPU
		{E278485B-E4AE-4906-A4FE-414C436E18B5}.Debug|x64.Build.0 = Debug|Any CPU
		{E278485B-E4AE-4906-A4FE-414C436E18B5}.Debug|x86.ActiveCfg = Debug|Any CPU
		{E278485B-E4AE-4906-A4FE-414C436E18B5}.Debug|x86.Build.0 = Debug|Any CPU
		{E278485B-E4AE-4906-A4FE-414C436E18B5}.Release|Any CPU.ActiveCfg = Release|Any CPU
		{E278485B-E4AE-4906-A4FE-414C436E18B5}.Release|Any CPU.Build.0 = Release|Any CPU
		{E278485B-E4AE-4906-A4FE-414C436E18B5}.Release|x64.ActiveCfg = Release|Any CPU
		{E278485B-E4AE-4906-A4FE-414C436E18B5}.Release|x64.Build.0 = Release|Any CPU
		{E278485B-E4AE-4906-A4FE-414C436E18B5}.Release|x86.ActiveCfg = Release|Any CPU
		{E278485B-E4AE-4906-A4FE-414C436E18B5}.Release|x86.Build.0 = Release|Any CPU
		{AD3926B8-67EB-4959-9D55-D5887217809D}.Debug|Any CPU.ActiveCfg = Debug|Any CPU
		{AD3926B8-67EB-4959-9D55-D5887217809D}.Debug|Any CPU.Build.0 = Debug|Any CPU
		{AD3926B8-67EB-4959-9D55-D5887217809D}.Debug|x64.ActiveCfg = Debug|Any CPU
		{AD3926B8-67EB-4959-9D55-D5887217809D}.Debug|x64.Build.0 = Debug|Any CPU
		{AD3926B8-67EB-4959-9D55-D5887217809D}.Debug|x86.ActiveCfg = Debug|Any CPU
		{AD3926B8-67EB-4959-9D55-D5887217809D}.Debug|x86.Build.0 = Debug|Any CPU
		{AD3926B8-67EB-4959-9D55-D5887217809D}.Release|Any CPU.ActiveCfg = Release|Any CPU
		{AD3926B8-67EB-4959-9D55-D5887217809D}.Release|Any CPU.Build.0 = Release|Any CPU
		{AD3926B8-67EB-4959-9D55-D5887217809D}.Release|x64.ActiveCfg = Release|Any CPU
		{AD3926B8-67EB-4959-9D55-D5887217809D}.Release|x64.Build.0 = Release|Any CPU
		{AD3926B8-67EB-4959-9D55-D5887217809D}.Release|x86.ActiveCfg = Release|Any CPU
		{AD3926B8-67EB-4959-9D55-D5887217809D}.Release|x86.Build.0 = Release|Any CPU
		{6FD02C5C-8038-4339-8C1C-C3A1173C2097}.Debug|Any CPU.ActiveCfg = Debug|Any CPU
		{6FD02C5C-8038-4339-8C1C-C3A1173C2097}.Debug|Any CPU.Build.0 = Debug|Any CPU
		{6FD02C5C-8038-4339-8C1C-C3A1173C2097}.Debug|x64.ActiveCfg = Debug|Any CPU
		{6FD02C5C-8038-4339-8C1C-C3A1173C2097}.Debug|x64.Build.0 = Debug|Any CPU
		{6FD02C5C-8038-4339-8C1C-C3A1173C2097}.Debug|x86.ActiveCfg = Debug|Any CPU
		{6FD02C5C-8038-4339-8C1C-C3A1173C2097}.Debug|x86.Build.0 = Debug|Any CPU
		{6FD02C5C-8038-4339-8C1C-C3A1173C2097}.Release|Any CPU.ActiveCfg = Release|Any CPU
		{6FD02C5C-8038-4339-8C1C-C3A1173C2097}.Release|Any CPU.Build.0 = Release|Any CPU
		{6FD02C5C-8038-4339-8C1C-C3A1173C2097}.Release|x64.ActiveCfg = Release|Any CPU
		{6FD02C5C-8038-4339-8C1C-C3A1173C2097}.Release|x64.Build.0 = Release|Any CPU
		{6FD02C5C-8038-4339-8C1C-C3A1173C2097}.Release|x86.ActiveCfg = Release|Any CPU
		{6FD02C5C-8038-4339-8C1C-C3A1173C2097}.Release|x86.Build.0 = Release|Any CPU
		{987D05EF-1062-4AFD-9A72-B5423F06AA81}.Debug|Any CPU.ActiveCfg = Debug|Any CPU
		{987D05EF-1062-4AFD-9A72-B5423F06AA81}.Debug|Any CPU.Build.0 = Debug|Any CPU
		{987D05EF-1062-4AFD-9A72-B5423F06AA81}.Debug|x64.ActiveCfg = Debug|Any CPU
		{987D05EF-1062-4AFD-9A72-B5423F06AA81}.Debug|x64.Build.0 = Debug|Any CPU
		{987D05EF-1062-4AFD-9A72-B5423F06AA81}.Debug|x86.ActiveCfg = Debug|Any CPU
		{987D05EF-1062-4AFD-9A72-B5423F06AA81}.Debug|x86.Build.0 = Debug|Any CPU
		{987D05EF-1062-4AFD-9A72-B5423F06AA81}.Release|Any CPU.ActiveCfg = Release|Any CPU
		{987D05EF-1062-4AFD-9A72-B5423F06AA81}.Release|Any CPU.Build.0 = Release|Any CPU
		{987D05EF-1062-4AFD-9A72-B5423F06AA81}.Release|x64.ActiveCfg = Release|Any CPU
		{987D05EF-1062-4AFD-9A72-B5423F06AA81}.Release|x64.Build.0 = Release|Any CPU
		{987D05EF-1062-4AFD-9A72-B5423F06AA81}.Release|x86.ActiveCfg = Release|Any CPU
		{987D05EF-1062-4AFD-9A72-B5423F06AA81}.Release|x86.Build.0 = Release|Any CPU
		{D07E9509-38B2-466B-B21B-92EF3716EED4}.Debug|Any CPU.ActiveCfg = Debug|Any CPU
		{D07E9509-38B2-466B-B21B-92EF3716EED4}.Debug|Any CPU.Build.0 = Debug|Any CPU
		{D07E9509-38B2-466B-B21B-92EF3716EED4}.Debug|x64.ActiveCfg = Debug|Any CPU
		{D07E9509-38B2-466B-B21B-92EF3716EED4}.Debug|x64.Build.0 = Debug|Any CPU
		{D07E9509-38B2-466B-B21B-92EF3716EED4}.Debug|x86.ActiveCfg = Debug|Any CPU
		{D07E9509-38B2-466B-B21B-92EF3716EED4}.Debug|x86.Build.0 = Debug|Any CPU
		{D07E9509-38B2-466B-B21B-92EF3716EED4}.Release|Any CPU.ActiveCfg = Release|Any CPU
		{D07E9509-38B2-466B-B21B-92EF3716EED4}.Release|Any CPU.Build.0 = Release|Any CPU
		{D07E9509-38B2-466B-B21B-92EF3716EED4}.Release|x64.ActiveCfg = Release|Any CPU
		{D07E9509-38B2-466B-B21B-92EF3716EED4}.Release|x64.Build.0 = Release|Any CPU
		{D07E9509-38B2-466B-B21B-92EF3716EED4}.Release|x86.ActiveCfg = Release|Any CPU
		{D07E9509-38B2-466B-B21B-92EF3716EED4}.Release|x86.Build.0 = Release|Any CPU
		{F5B98ADB-5C16-4E7A-A652-8C19181741F7}.Debug|Any CPU.ActiveCfg = Debug|Any CPU
		{F5B98ADB-5C16-4E7A-A652-8C19181741F7}.Debug|Any CPU.Build.0 = Debug|Any CPU
		{F5B98ADB-5C16-4E7A-A652-8C19181741F7}.Debug|x64.ActiveCfg = Debug|Any CPU
		{F5B98ADB-5C16-4E7A-A652-8C19181741F7}.Debug|x64.Build.0 = Debug|Any CPU
		{F5B98ADB-5C16-4E7A-A652-8C19181741F7}.Debug|x86.ActiveCfg = Debug|Any CPU
		{F5B98ADB-5C16-4E7A-A652-8C19181741F7}.Debug|x86.Build.0 = Debug|Any CPU
		{F5B98ADB-5C16-4E7A-A652-8C19181741F7}.Release|Any CPU.ActiveCfg = Release|Any CPU
		{F5B98ADB-5C16-4E7A-A652-8C19181741F7}.Release|Any CPU.Build.0 = Release|Any CPU
		{F5B98ADB-5C16-4E7A-A652-8C19181741F7}.Release|x64.ActiveCfg = Release|Any CPU
		{F5B98ADB-5C16-4E7A-A652-8C19181741F7}.Release|x64.Build.0 = Release|Any CPU
		{F5B98ADB-5C16-4E7A-A652-8C19181741F7}.Release|x86.ActiveCfg = Release|Any CPU
		{F5B98ADB-5C16-4E7A-A652-8C19181741F7}.Release|x86.Build.0 = Release|Any CPU
		{47E9865D-C04D-479F-BFD4-CC1D69CED04D}.Debug|Any CPU.ActiveCfg = Debug|Any CPU
		{47E9865D-C04D-479F-BFD4-CC1D69CED04D}.Debug|Any CPU.Build.0 = Debug|Any CPU
		{47E9865D-C04D-479F-BFD4-CC1D69CED04D}.Debug|x64.ActiveCfg = Debug|Any CPU
		{47E9865D-C04D-479F-BFD4-CC1D69CED04D}.Debug|x64.Build.0 = Debug|Any CPU
		{47E9865D-C04D-479F-BFD4-CC1D69CED04D}.Debug|x86.ActiveCfg = Debug|Any CPU
		{47E9865D-C04D-479F-BFD4-CC1D69CED04D}.Debug|x86.Build.0 = Debug|Any CPU
		{47E9865D-C04D-479F-BFD4-CC1D69CED04D}.Release|Any CPU.ActiveCfg = Release|Any CPU
		{47E9865D-C04D-479F-BFD4-CC1D69CED04D}.Release|Any CPU.Build.0 = Release|Any CPU
		{47E9865D-C04D-479F-BFD4-CC1D69CED04D}.Release|x64.ActiveCfg = Release|Any CPU
		{47E9865D-C04D-479F-BFD4-CC1D69CED04D}.Release|x64.Build.0 = Release|Any CPU
		{47E9865D-C04D-479F-BFD4-CC1D69CED04D}.Release|x86.ActiveCfg = Release|Any CPU
		{47E9865D-C04D-479F-BFD4-CC1D69CED04D}.Release|x86.Build.0 = Release|Any CPU
		{5C6F293D-46BC-40F0-A47F-B98D0FF847B4}.Debug|Any CPU.ActiveCfg = Debug|Any CPU
		{5C6F293D-46BC-40F0-A47F-B98D0FF847B4}.Debug|Any CPU.Build.0 = Debug|Any CPU
		{5C6F293D-46BC-40F0-A47F-B98D0FF847B4}.Debug|x64.ActiveCfg = Debug|Any CPU
		{5C6F293D-46BC-40F0-A47F-B98D0FF847B4}.Debug|x64.Build.0 = Debug|Any CPU
		{5C6F293D-46BC-40F0-A47F-B98D0FF847B4}.Debug|x86.ActiveCfg = Debug|Any CPU
		{5C6F293D-46BC-40F0-A47F-B98D0FF847B4}.Debug|x86.Build.0 = Debug|Any CPU
		{5C6F293D-46BC-40F0-A47F-B98D0FF847B4}.Release|Any CPU.ActiveCfg = Release|Any CPU
		{5C6F293D-46BC-40F0-A47F-B98D0FF847B4}.Release|Any CPU.Build.0 = Release|Any CPU
		{5C6F293D-46BC-40F0-A47F-B98D0FF847B4}.Release|x64.ActiveCfg = Release|Any CPU
		{5C6F293D-46BC-40F0-A47F-B98D0FF847B4}.Release|x64.Build.0 = Release|Any CPU
		{5C6F293D-46BC-40F0-A47F-B98D0FF847B4}.Release|x86.ActiveCfg = Release|Any CPU
		{5C6F293D-46BC-40F0-A47F-B98D0FF847B4}.Release|x86.Build.0 = Release|Any CPU
		{8B4D6087-4CC4-4D71-9FC0-F4B5DFD91630}.Debug|Any CPU.ActiveCfg = Debug|Any CPU
		{8B4D6087-4CC4-4D71-9FC0-F4B5DFD91630}.Debug|Any CPU.Build.0 = Debug|Any CPU
		{8B4D6087-4CC4-4D71-9FC0-F4B5DFD91630}.Debug|x64.ActiveCfg = Debug|Any CPU
		{8B4D6087-4CC4-4D71-9FC0-F4B5DFD91630}.Debug|x64.Build.0 = Debug|Any CPU
		{8B4D6087-4CC4-4D71-9FC0-F4B5DFD91630}.Debug|x86.ActiveCfg = Debug|Any CPU
		{8B4D6087-4CC4-4D71-9FC0-F4B5DFD91630}.Debug|x86.Build.0 = Debug|Any CPU
		{8B4D6087-4CC4-4D71-9FC0-F4B5DFD91630}.Release|Any CPU.ActiveCfg = Release|Any CPU
		{8B4D6087-4CC4-4D71-9FC0-F4B5DFD91630}.Release|Any CPU.Build.0 = Release|Any CPU
		{8B4D6087-4CC4-4D71-9FC0-F4B5DFD91630}.Release|x64.ActiveCfg = Release|Any CPU
		{8B4D6087-4CC4-4D71-9FC0-F4B5DFD91630}.Release|x64.Build.0 = Release|Any CPU
		{8B4D6087-4CC4-4D71-9FC0-F4B5DFD91630}.Release|x86.ActiveCfg = Release|Any CPU
		{8B4D6087-4CC4-4D71-9FC0-F4B5DFD91630}.Release|x86.Build.0 = Release|Any CPU
		{6EF4C520-8BF2-4472-A9DF-022DD9159F68}.Debug|Any CPU.ActiveCfg = Debug|Any CPU
		{6EF4C520-8BF2-4472-A9DF-022DD9159F68}.Debug|Any CPU.Build.0 = Debug|Any CPU
		{6EF4C520-8BF2-4472-A9DF-022DD9159F68}.Debug|x64.ActiveCfg = Debug|Any CPU
		{6EF4C520-8BF2-4472-A9DF-022DD9159F68}.Debug|x64.Build.0 = Debug|Any CPU
		{6EF4C520-8BF2-4472-A9DF-022DD9159F68}.Debug|x86.ActiveCfg = Debug|Any CPU
		{6EF4C520-8BF2-4472-A9DF-022DD9159F68}.Debug|x86.Build.0 = Debug|Any CPU
		{6EF4C520-8BF2-4472-A9DF-022DD9159F68}.Release|Any CPU.ActiveCfg = Release|Any CPU
		{6EF4C520-8BF2-4472-A9DF-022DD9159F68}.Release|Any CPU.Build.0 = Release|Any CPU
		{6EF4C520-8BF2-4472-A9DF-022DD9159F68}.Release|x64.ActiveCfg = Release|Any CPU
		{6EF4C520-8BF2-4472-A9DF-022DD9159F68}.Release|x64.Build.0 = Release|Any CPU
		{6EF4C520-8BF2-4472-A9DF-022DD9159F68}.Release|x86.ActiveCfg = Release|Any CPU
		{6EF4C520-8BF2-4472-A9DF-022DD9159F68}.Release|x86.Build.0 = Release|Any CPU
		{9D342783-8622-4B93-B622-B3D29C64BD8F}.Debug|Any CPU.ActiveCfg = Debug|Any CPU
		{9D342783-8622-4B93-B622-B3D29C64BD8F}.Debug|Any CPU.Build.0 = Debug|Any CPU
		{9D342783-8622-4B93-B622-B3D29C64BD8F}.Debug|x64.ActiveCfg = Debug|Any CPU
		{9D342783-8622-4B93-B622-B3D29C64BD8F}.Debug|x64.Build.0 = Debug|Any CPU
		{9D342783-8622-4B93-B622-B3D29C64BD8F}.Debug|x86.ActiveCfg = Debug|Any CPU
		{9D342783-8622-4B93-B622-B3D29C64BD8F}.Debug|x86.Build.0 = Debug|Any CPU
		{9D342783-8622-4B93-B622-B3D29C64BD8F}.Release|Any CPU.ActiveCfg = Release|Any CPU
		{9D342783-8622-4B93-B622-B3D29C64BD8F}.Release|Any CPU.Build.0 = Release|Any CPU
		{9D342783-8622-4B93-B622-B3D29C64BD8F}.Release|x64.ActiveCfg = Release|Any CPU
		{9D342783-8622-4B93-B622-B3D29C64BD8F}.Release|x64.Build.0 = Release|Any CPU
		{9D342783-8622-4B93-B622-B3D29C64BD8F}.Release|x86.ActiveCfg = Release|Any CPU
		{9D342783-8622-4B93-B622-B3D29C64BD8F}.Release|x86.Build.0 = Release|Any CPU
		{FEC5DB36-4189-4F90-82AE-40309CB0CD24}.Debug|Any CPU.ActiveCfg = Debug|Any CPU
		{FEC5DB36-4189-4F90-82AE-40309CB0CD24}.Debug|Any CPU.Build.0 = Debug|Any CPU
		{FEC5DB36-4189-4F90-82AE-40309CB0CD24}.Debug|x64.ActiveCfg = Debug|Any CPU
		{FEC5DB36-4189-4F90-82AE-40309CB0CD24}.Debug|x64.Build.0 = Debug|Any CPU
		{FEC5DB36-4189-4F90-82AE-40309CB0CD24}.Debug|x86.ActiveCfg = Debug|Any CPU
		{FEC5DB36-4189-4F90-82AE-40309CB0CD24}.Debug|x86.Build.0 = Debug|Any CPU
		{FEC5DB36-4189-4F90-82AE-40309CB0CD24}.Release|Any CPU.ActiveCfg = Release|Any CPU
		{FEC5DB36-4189-4F90-82AE-40309CB0CD24}.Release|Any CPU.Build.0 = Release|Any CPU
		{FEC5DB36-4189-4F90-82AE-40309CB0CD24}.Release|x64.ActiveCfg = Release|Any CPU
		{FEC5DB36-4189-4F90-82AE-40309CB0CD24}.Release|x64.Build.0 = Release|Any CPU
		{FEC5DB36-4189-4F90-82AE-40309CB0CD24}.Release|x86.ActiveCfg = Release|Any CPU
		{FEC5DB36-4189-4F90-82AE-40309CB0CD24}.Release|x86.Build.0 = Release|Any CPU
		{68472E81-F572-4F4E-8A56-501469E1ED91}.Debug|Any CPU.ActiveCfg = Debug|Any CPU
		{68472E81-F572-4F4E-8A56-501469E1ED91}.Debug|Any CPU.Build.0 = Debug|Any CPU
		{68472E81-F572-4F4E-8A56-501469E1ED91}.Debug|x64.ActiveCfg = Debug|Any CPU
		{68472E81-F572-4F4E-8A56-501469E1ED91}.Debug|x64.Build.0 = Debug|Any CPU
		{68472E81-F572-4F4E-8A56-501469E1ED91}.Debug|x86.ActiveCfg = Debug|Any CPU
		{68472E81-F572-4F4E-8A56-501469E1ED91}.Debug|x86.Build.0 = Debug|Any CPU
		{68472E81-F572-4F4E-8A56-501469E1ED91}.Release|Any CPU.ActiveCfg = Release|Any CPU
		{68472E81-F572-4F4E-8A56-501469E1ED91}.Release|Any CPU.Build.0 = Release|Any CPU
		{68472E81-F572-4F4E-8A56-501469E1ED91}.Release|x64.ActiveCfg = Release|Any CPU
		{68472E81-F572-4F4E-8A56-501469E1ED91}.Release|x64.Build.0 = Release|Any CPU
		{68472E81-F572-4F4E-8A56-501469E1ED91}.Release|x86.ActiveCfg = Release|Any CPU
		{68472E81-F572-4F4E-8A56-501469E1ED91}.Release|x86.Build.0 = Release|Any CPU
	EndGlobalSection
	GlobalSection(SolutionProperties) = preSolution
		HideSolutionNode = FALSE
	EndGlobalSection
	GlobalSection(NestedProjects) = preSolution
		{84E8160F-8253-4E77-A323-B3A2F8DAFE4D} = {B833D486-E45D-2F1E-314D-2A12269B545B}
		{E278485B-E4AE-4906-A4FE-414C436E18B5} = {B833D486-E45D-2F1E-314D-2A12269B545B}
		{AD3926B8-67EB-4959-9D55-D5887217809D} = {B833D486-E45D-2F1E-314D-2A12269B545B}
		{6FD02C5C-8038-4339-8C1C-C3A1173C2097} = {B833D486-E45D-2F1E-314D-2A12269B545B}
		{987D05EF-1062-4AFD-9A72-B5423F06AA81} = {5112BE3D-785A-3632-4EEB-907C138EC337}
		{D07E9509-38B2-466B-B21B-92EF3716EED4} = {5112BE3D-785A-3632-4EEB-907C138EC337}
		{F5B98ADB-5C16-4E7A-A652-8C19181741F7} = {5112BE3D-785A-3632-4EEB-907C138EC337}
		{47E9865D-C04D-479F-BFD4-CC1D69CED04D} = {5112BE3D-785A-3632-4EEB-907C138EC337}
		{6EF4C520-8BF2-4472-A9DF-022DD9159F68} = {3DC0B93F-CA87-EFB0-FCC6-13C64B124E99}
		{9D342783-8622-4B93-B622-B3D29C64BD8F} = {3DC0B93F-CA87-EFB0-FCC6-13C64B124E99}
		{FEC5DB36-4189-4F90-82AE-40309CB0CD24} = {3DC0B93F-CA87-EFB0-FCC6-13C64B124E99}
		{68472E81-F572-4F4E-8A56-501469E1ED91} = {3DC0B93F-CA87-EFB0-FCC6-13C64B124E99}
	EndGlobalSection
	GlobalSection(ExtensibilityGlobals) = postSolution
		SolutionGuid = {88EB9FC2-4F1C-4379-8771-31B2049AB791}
	EndGlobalSection
EndGlobal
